PODS:
  - Flutter (1.0.0)
  - integration_test (0.0.1):
    - Flutter
  - Survicate (4.3.1)
  - survicate_sdk (4.3.0):
    - Flutter
    - Survicate (= 4.3.1)

DEPENDENCIES:
  - Flutter (from `Flutter`)
  - integration_test (from `.symlinks/plugins/integration_test/ios`)
  - survicate_sdk (from `.symlinks/plugins/survicate_sdk/ios`)

SPEC REPOS:
  trunk:
    - Survicate

EXTERNAL SOURCES:
  Flutter:
    :path: Flutter
  integration_test:
    :path: ".symlinks/plugins/integration_test/ios"
  survicate_sdk:
    :path: ".symlinks/plugins/survicate_sdk/ios"

SPEC CHECKSUMS:
  Flutter: f04841e97a9d0b0a8025694d0796dd46242b2854
  integration_test: 13825b8a9334a850581300559b8839134b124670
  Survicate: 4e8532d449e975a1047c5ec627665769d533132e
  survicate_sdk: 4f2db968b389b1faa229025dcad3bf598b692172

PODFILE CHECKSUM: 70d9d25280d0dd177a5f637cdb0f0b0b12c6a189

COCOAPODS: 1.15.2
