{
  "pins" : [
    {
      "identity" : "survicate-ios-sdk",
      "kind" : "remoteSourceControl",
      "location" : "https://github.com/Survicate/survicate-ios-sdk.git",
      "state" : {
        "revision" : "e3741303a99a0a8b0ad07b460fa70d9528495cf4",
        "version" : "6.4.5"
      }
    }
  ],
  "version" : 2
}
