{
  "pins" : [
    {
      "identity" : "survicate-ios-sdk",
      "kind" : "remoteSourceControl",
      "location" : "https://github.com/Survicate/survicate-ios-sdk.git",
      "state" : {
        "revision" : "b3d93d13b027fbc3a5c4864fab4ab7ecc9685703",
        "version" : "7.0.0"
      }
    }
  ],
  "version" : 2
}
