{
  "pins" : [
    {
      "identity" : "survicate-ios-sdk",
      "kind" : "remoteSourceControl",
      "location" : "https://github.com/Survicate/survicate-ios-sdk.git",
      "state" : {
        "revision" : "ae6206a0c3ca49d951e3e8ab8ff33fc662ea8a9e",
        "version" : "7.1.1"
      }
    }
  ],
  "version" : 2
}
